
Microsoft Visual Studio Solution File, Format Version 12.00
# Visual Studio Version 17
VisualStudioVersion = 17.9.34701.34
MinimumVisualStudioVersion = 10.0.40219.1
Project("{FAE04EC0-301F-11D3-BF4B-00C04F79EFBC}") = "Indotalent", "src\Indotalent\Indotalent.csproj", "{75CED786-7B9C-4A62-82E1-39F97907BB9F}"
EndProject
Project("{FAE04EC0-301F-11D3-BF4B-00C04F79EFBC}") = "Domain", "src\Domain\Domain.csproj", "{8DB22432-5EBD-4614-A0B8-BC8B128CE031}"
EndProject
Project("{FAE04EC0-301F-11D3-BF4B-00C04F79EFBC}") = "Infrastructure", "src\Infrastructure\Infrastructure.csproj", "{D56D49F2-BAD9-45A0-B27D-098ED361F736}"
EndProject
Project("{FAE04EC0-301F-11D3-BF4B-00C04F79EFBC}") = "Application", "src\Application\Application.csproj", "{E1BE8764-F8A9-486C-A7A6-0E4303B5040B}"
EndProject
Project("{FAE04EC0-301F-11D3-BF4B-00C04F79EFBC}") = "Avemplace.Components", "..\..\..\Downloads\avemplace_maui_blazor_skeleton_v2\Avemplace.Components\Avemplace.Components.csproj", "{656C488E-969D-6D80-1F1A-DDD84D58241D}"
EndProject
Project("{FAE04EC0-301F-11D3-BF4B-00C04F79EFBC}") = "Avemplace.Mobile", "..\..\..\Downloads\avemplace_maui_blazor_skeleton_v2\Avemplace.Mobile\Avemplace.Mobile.csproj", "{400559A9-62DB-1CBF-2FF5-3B3E476005E0}"
EndProject
Project("{FAE04EC0-301F-11D3-BF4B-00C04F79EFBC}") = "Avemplace.Shared", "..\..\..\Downloads\avemplace_maui_blazor_skeleton_v2\Avemplace.Shared\Avemplace.Shared.csproj", "{626FD6B7-7EB0-D66D-48FD-32B6AAEBA576}"
EndProject
Project("{2150E333-8FDC-42A3-9474-1A3956D46DE8}") = "Solution Items", "Solution Items", "{8EC462FD-D22E-90A8-E5CE-7E832BA40C5D}"
	ProjectSection(SolutionItems) = preProject
		global.json = global.json
	EndProjectSection
EndProject
Global
	GlobalSection(SolutionConfigurationPlatforms) = preSolution
		Debug|Any CPU = Debug|Any CPU
		Release|Any CPU = Release|Any CPU
	EndGlobalSection
	GlobalSection(ProjectConfigurationPlatforms) = postSolution
		{75CED786-7B9C-4A62-82E1-39F97907BB9F}.Debug|Any CPU.ActiveCfg = Debug|Any CPU
		{75CED786-7B9C-4A62-82E1-39F97907BB9F}.Debug|Any CPU.Build.0 = Debug|Any CPU
		{75CED786-7B9C-4A62-82E1-39F97907BB9F}.Release|Any CPU.ActiveCfg = Release|Any CPU
		{75CED786-7B9C-4A62-82E1-39F97907BB9F}.Release|Any CPU.Build.0 = Release|Any CPU
		{8DB22432-5EBD-4614-A0B8-BC8B128CE031}.Debug|Any CPU.ActiveCfg = Debug|Any CPU
		{8DB22432-5EBD-4614-A0B8-BC8B128CE031}.Debug|Any CPU.Build.0 = Debug|Any CPU
		{8DB22432-5EBD-4614-A0B8-BC8B128CE031}.Release|Any CPU.ActiveCfg = Release|Any CPU
		{8DB22432-5EBD-4614-A0B8-BC8B128CE031}.Release|Any CPU.Build.0 = Release|Any CPU
		{D56D49F2-BAD9-45A0-B27D-098ED361F736}.Debug|Any CPU.ActiveCfg = Debug|Any CPU
		{D56D49F2-BAD9-45A0-B27D-098ED361F736}.Debug|Any CPU.Build.0 = Debug|Any CPU
		{D56D49F2-BAD9-45A0-B27D-098ED361F736}.Release|Any CPU.ActiveCfg = Release|Any CPU
		{D56D49F2-BAD9-45A0-B27D-098ED361F736}.Release|Any CPU.Build.0 = Release|Any CPU
		{E1BE8764-F8A9-486C-A7A6-0E4303B5040B}.Debug|Any CPU.ActiveCfg = Debug|Any CPU
		{E1BE8764-F8A9-486C-A7A6-0E4303B5040B}.Debug|Any CPU.Build.0 = Debug|Any CPU
		{E1BE8764-F8A9-486C-A7A6-0E4303B5040B}.Release|Any CPU.ActiveCfg = Release|Any CPU
		{E1BE8764-F8A9-486C-A7A6-0E4303B5040B}.Release|Any CPU.Build.0 = Release|Any CPU
		{656C488E-969D-6D80-1F1A-DDD84D58241D}.Debug|Any CPU.ActiveCfg = Debug|Any CPU
		{656C488E-969D-6D80-1F1A-DDD84D58241D}.Debug|Any CPU.Build.0 = Debug|Any CPU
		{656C488E-969D-6D80-1F1A-DDD84D58241D}.Release|Any CPU.ActiveCfg = Release|Any CPU
		{656C488E-969D-6D80-1F1A-DDD84D58241D}.Release|Any CPU.Build.0 = Release|Any CPU
		{400559A9-62DB-1CBF-2FF5-3B3E476005E0}.Debug|Any CPU.ActiveCfg = Debug|Any CPU
		{400559A9-62DB-1CBF-2FF5-3B3E476005E0}.Debug|Any CPU.Build.0 = Debug|Any CPU
		{400559A9-62DB-1CBF-2FF5-3B3E476005E0}.Release|Any CPU.ActiveCfg = Release|Any CPU
		{400559A9-62DB-1CBF-2FF5-3B3E476005E0}.Release|Any CPU.Build.0 = Release|Any CPU
		{626FD6B7-7EB0-D66D-48FD-32B6AAEBA576}.Debug|Any CPU.ActiveCfg = Debug|Any CPU
		{626FD6B7-7EB0-D66D-48FD-32B6AAEBA576}.Debug|Any CPU.Build.0 = Debug|Any CPU
		{626FD6B7-7EB0-D66D-48FD-32B6AAEBA576}.Release|Any CPU.ActiveCfg = Release|Any CPU
		{626FD6B7-7EB0-D66D-48FD-32B6AAEBA576}.Release|Any CPU.Build.0 = Release|Any CPU
	EndGlobalSection
	GlobalSection(SolutionProperties) = preSolution
		HideSolutionNode = FALSE
	EndGlobalSection
	GlobalSection(ExtensibilityGlobals) = postSolution
		SolutionGuid = {B5F74271-3636-4F2E-AFAF-20B213DEF724}
	EndGlobalSection
EndGlobal
